
Microsoft Visual Studio Solution File, Format Version 12.00
# Visual Studio Version 17
VisualStudioVersion = 17.8.34330.188
MinimumVisualStudioVersion = 10.0.40219.1
Project("{9A19103F-16F7-4668-BE54-9A1E7A4F7556}") = "MissionControlLib.Test.Unit", "Waypoint.Test.Unit\MissionControlLib.Test.Unit.csproj", "{3EE40C21-AC4A-4B93-9FB4-2782A22795DE}"
EndProject
Project("{9A19103F-16F7-4668-BE54-9A1E7A4F7556}") = "DockControl", "DockControl\DockControl.csproj", "{E50F2BDE-9933-4745-8A99-2CF3FB755D40}"
EndProject
Project("{9A19103F-16F7-4668-BE54-9A1E7A4F7556}") = "MissionControlLib", "MissionControlLib\MissionControlLib.csproj", "{FBC282B3-2F7A-47B8-96CB-B2870D994815}"
EndProject
Project("{9A19103F-16F7-4668-BE54-9A1E7A4F7556}") = "MissionControlDatabase", "MissionControlDatabase\MissionControlDatabase.csproj", "{B9207828-F6B5-400E-B7B5-597C6C71D2F2}"
EndProject
Global
	GlobalSection(SolutionConfigurationPlatforms) = preSolution
		Debug|Any CPU = Debug|Any CPU
		Release|Any CPU = Release|Any CPU
	EndGlobalSection
	GlobalSection(ProjectConfigurationPlatforms) = postSolution
		{3EE40C21-AC4A-4B93-9FB4-2782A22795DE}.Debug|Any CPU.ActiveCfg = Debug|Any CPU
		{3EE40C21-AC4A-4B93-9FB4-2782A22795DE}.Debug|Any CPU.Build.0 = Debug|Any CPU
		{3EE40C21-AC4A-4B93-9FB4-2782A22795DE}.Release|Any CPU.ActiveCfg = Release|Any CPU
		{3EE40C21-AC4A-4B93-9FB4-2782A22795DE}.Release|Any CPU.Build.0 = Release|Any CPU
		{E50F2BDE-9933-4745-8A99-2CF3FB755D40}.Debug|Any CPU.ActiveCfg = Debug|Any CPU
		{E50F2BDE-9933-4745-8A99-2CF3FB755D40}.Debug|Any CPU.Build.0 = Debug|Any CPU
		{E50F2BDE-9933-4745-8A99-2CF3FB755D40}.Release|Any CPU.ActiveCfg = Release|Any CPU
		{E50F2BDE-9933-4745-8A99-2CF3FB755D40}.Release|Any CPU.Build.0 = Release|Any CPU
		{FBC282B3-2F7A-47B8-96CB-B2870D994815}.Debug|Any CPU.ActiveCfg = Debug|Any CPU
		{FBC282B3-2F7A-47B8-96CB-B2870D994815}.Debug|Any CPU.Build.0 = Debug|Any CPU
		{FBC282B3-2F7A-47B8-96CB-B2870D994815}.Release|Any CPU.ActiveCfg = Release|Any CPU
		{FBC282B3-2F7A-47B8-96CB-B2870D994815}.Release|Any CPU.Build.0 = Release|Any CPU
		{B9207828-F6B5-400E-B7B5-597C6C71D2F2}.Debug|Any CPU.ActiveCfg = Debug|Any CPU
		{B9207828-F6B5-400E-B7B5-597C6C71D2F2}.Debug|Any CPU.Build.0 = Debug|Any CPU
		{B9207828-F6B5-400E-B7B5-597C6C71D2F2}.Release|Any CPU.ActiveCfg = Release|Any CPU
		{B9207828-F6B5-400E-B7B5-597C6C71D2F2}.Release|Any CPU.Build.0 = Release|Any CPU
	EndGlobalSection
	GlobalSection(SolutionProperties) = preSolution
		HideSolutionNode = FALSE
	EndGlobalSection
	GlobalSection(ExtensibilityGlobals) = postSolution
		SolutionGuid = {D6076DBE-9521-4CC8-A374-B6F529009FCC}
	EndGlobalSection
EndGlobal
